
Microsoft Visual Studio Solution File, Format Version 12.00
# Visual Studio Version 17
VisualStudioVersion = 17.1.32319.34
MinimumVisualStudioVersion = 10.0.40219.1
Project("{888888A0-9F3D-457C-B088-3A5042F75D52}") = "ESS Prigioniero II", "ESS Prigioniero II\ESS Prigioniero II.pyproj", "{C8AC1FE0-70ED-4B18-B416-1DD6E76F8F6B}"
EndProject
Global
	GlobalSection(SolutionConfigurationPlatforms) = preSolution
		Debug|Any CPU = Debug|Any CPU
		Release|Any CPU = Release|Any CPU
	EndGlobalSection
	GlobalSection(ProjectConfigurationPlatforms) = postSolution
		{C8AC1FE0-70ED-4B18-B416-1DD6E76F8F6B}.Debug|Any CPU.ActiveCfg = Debug|Any CPU
		{C8AC1FE0-70ED-4B18-B416-1DD6E76F8F6B}.Release|Any CPU.ActiveCfg = Release|Any CPU
	EndGlobalSection
	GlobalSection(SolutionProperties) = preSolution
		HideSolutionNode = FALSE
	EndGlobalSection
	GlobalSection(ExtensibilityGlobals) = postSolution
		SolutionGuid = {CCFADC1C-4800-4300-B41E-769F88C91F2F}
	EndGlobalSection
EndGlobal
